{
  "lib/forge-std": {
    "rev": "17a9b2398a7d629931dc66a168a098d051d53dc6"
  },
  "lib/openzeppelin-contracts": {
    "rev": "5eb047a0c10386b6634db56327a1f74e8a0432c2"
  },
  "lib/permit2": {
    "rev": "cc56ad0f3439c502c246fc5cfcc3db92bb8b7219"
  },
  "lib/protocol-monorepo": {
    "rev": "dbd2643e39b6a1568e4667b0ac924867ae3382ec"
  },
  "lib/universal-router": {
    "rev": "3663f6db6e2fe121753cd2d899699c2dc75dca86"
  }
}